
Microsoft Visual Studio Solution File, Format Version 12.00
Project("{FAE04EC0-301F-11D3-BF4B-00C04F79EFBC}") = "SimpleChatServer", "SimpleChatServer\SimpleChatServer.csproj", "{CBF780ED-9E61-40FE-B9DC-A4AAB43877D0}"
EndProject
Project("{FAE04EC0-301F-11D3-BF4B-00C04F79EFBC}") = "SimpleChatProtocol", "SimpleChatProtocol\SimpleChatProtocol.csproj", "{52B73075-7F49-4693-A064-0816CB581C36}"
EndProject
Project("{FAE04EC0-301F-11D3-BF4B-00C04F79EFBC}") = "SimleChatClient", "SimleChatClient\SimleChatClient.csproj", "{7E374041-8A0B-4584-88D4-8E6CF965878D}"
EndProject
Global
	GlobalSection(SolutionConfigurationPlatforms) = preSolution
		Debug|Any CPU = Debug|Any CPU
		Release|Any CPU = Release|Any CPU
	EndGlobalSection
	GlobalSection(ProjectConfigurationPlatforms) = postSolution
		{CBF780ED-9E61-40FE-B9DC-A4AAB43877D0}.Debug|Any CPU.ActiveCfg = Debug|Any CPU
		{CBF780ED-9E61-40FE-B9DC-A4AAB43877D0}.Debug|Any CPU.Build.0 = Debug|Any CPU
		{CBF780ED-9E61-40FE-B9DC-A4AAB43877D0}.Release|Any CPU.ActiveCfg = Release|Any CPU
		{CBF780ED-9E61-40FE-B9DC-A4AAB43877D0}.Release|Any CPU.Build.0 = Release|Any CPU
		{52B73075-7F49-4693-A064-0816CB581C36}.Debug|Any CPU.ActiveCfg = Debug|Any CPU
		{52B73075-7F49-4693-A064-0816CB581C36}.Debug|Any CPU.Build.0 = Debug|Any CPU
		{52B73075-7F49-4693-A064-0816CB581C36}.Release|Any CPU.ActiveCfg = Release|Any CPU
		{52B73075-7F49-4693-A064-0816CB581C36}.Release|Any CPU.Build.0 = Release|Any CPU
		{7E374041-8A0B-4584-88D4-8E6CF965878D}.Debug|Any CPU.ActiveCfg = Debug|Any CPU
		{7E374041-8A0B-4584-88D4-8E6CF965878D}.Debug|Any CPU.Build.0 = Debug|Any CPU
		{7E374041-8A0B-4584-88D4-8E6CF965878D}.Release|Any CPU.ActiveCfg = Release|Any CPU
		{7E374041-8A0B-4584-88D4-8E6CF965878D}.Release|Any CPU.Build.0 = Release|Any CPU
	EndGlobalSection
EndGlobal
